
Microsoft Visual Studio Solution File, Format Version 12.00
# Visual Studio 14
VisualStudioVersion = 14.0.25420.1
MinimumVisualStudioVersion = 10.0.40219.1
Project("{8BC9CEB8-8B4A-11D0-8D11-00A0C91BC942}") = "LearnOpenGL", "LearnOpenGL\LearnOpenGL.vcxproj", "{F07805A4-4E89-4EDD-9F0D-ABC31C465CDD}"
EndProject
Project("{8BC9CEB8-8B4A-11D0-8D11-00A0C91BC942}") = "TestEnum", "TestEnum\TestEnum.vcxproj", "{830C1FDF-1FEF-4D76-8B7F-7E595DA8BCA6}"
EndProject
Global
	GlobalSection(SolutionConfigurationPlatforms) = preSolution
		Debug|x64 = Debug|x64
		Debug|x86 = Debug|x86
		Release|x64 = Release|x64
		Release|x86 = Release|x86
	EndGlobalSection
	GlobalSection(ProjectConfigurationPlatforms) = postSolution
		{F07805A4-4E89-4EDD-9F0D-ABC31C465CDD}.Debug|x64.ActiveCfg = Debug|x64
		{F07805A4-4E89-4EDD-9F0D-ABC31C465CDD}.Debug|x64.Build.0 = Debug|x64
		{F07805A4-4E89-4EDD-9F0D-ABC31C465CDD}.Debug|x86.ActiveCfg = Debug|Win32
		{F07805A4-4E89-4EDD-9F0D-ABC31C465CDD}.Debug|x86.Build.0 = Debug|Win32
		{F07805A4-4E89-4EDD-9F0D-ABC31C465CDD}.Release|x64.ActiveCfg = Release|x64
		{F07805A4-4E89-4EDD-9F0D-ABC31C465CDD}.Release|x64.Build.0 = Release|x64
		{F07805A4-4E89-4EDD-9F0D-ABC31C465CDD}.Release|x86.ActiveCfg = Release|Win32
		{F07805A4-4E89-4EDD-9F0D-ABC31C465CDD}.Release|x86.Build.0 = Release|Win32
		{830C1FDF-1FEF-4D76-8B7F-7E595DA8BCA6}.Debug|x64.ActiveCfg = Debug|x64
		{830C1FDF-1FEF-4D76-8B7F-7E595DA8BCA6}.Debug|x64.Build.0 = Debug|x64
		{830C1FDF-1FEF-4D76-8B7F-7E595DA8BCA6}.Debug|x86.ActiveCfg = Debug|Win32
		{830C1FDF-1FEF-4D76-8B7F-7E595DA8BCA6}.Debug|x86.Build.0 = Debug|Win32
		{830C1FDF-1FEF-4D76-8B7F-7E595DA8BCA6}.Release|x64.ActiveCfg = Release|x64
		{830C1FDF-1FEF-4D76-8B7F-7E595DA8BCA6}.Release|x64.Build.0 = Release|x64
		{830C1FDF-1FEF-4D76-8B7F-7E595DA8BCA6}.Release|x86.ActiveCfg = Release|Win32
		{830C1FDF-1FEF-4D76-8B7F-7E595DA8BCA6}.Release|x86.Build.0 = Release|Win32
	EndGlobalSection
	GlobalSection(SolutionProperties) = preSolution
		HideSolutionNode = FALSE
	EndGlobalSection
EndGlobal
